// !$*UTF8*$!
{
	archiveVersion = 1;
	classes = {
	};
	objectVersion = 52;
	objects = {

/* Begin PBXBuildFile section */
		7E112233258A717400935F34 /* AppDelegate.swift in Sources */ = {isa = PBXBuildFile; fileRef = 7E112232258A717400935F34 /* AppDelegate.swift */; };
		7E112235258A717400935F34 /* PreferencesView.swift in Sources */ = {isa = PBXBuildFile; fileRef = 7E112234258A717400935F34 /* PreferencesView.swift */; };
		7E112237258A717500935F34 /* Assets.xcassets in Resources */ = {isa = PBXBuildFile; fileRef = 7E112236258A717500935F34 /* Assets.xcassets */; };
		7E11223A258A717500935F34 /* Preview Assets.xcassets in Resources */ = {isa = PBXBuildFile; fileRef = 7E112239258A717500935F34 /* Preview Assets.xcassets */; };
		7E11223D258A717500935F34 /* Main.storyboard in Resources */ = {isa = PBXBuildFile; fileRef = 7E11223B258A717500935F34 /* Main.storyboard */; };
		7E112249258AB62D00935F34 /* Preferences in Frameworks */ = {isa = PBXBuildFile; productRef = 7E112248258AB62D00935F34 /* Preferences */; };
		7E3EA328258D1AB800EAFB1A /* RepeatingTimer.swift in Sources */ = {isa = PBXBuildFile; fileRef = 7E3EA327258D1AB800EAFB1A /* RepeatingTimer.swift */; };
		7E84156B258C0DF900D34B4E /* Credits.rtf in Resources */ = {isa = PBXBuildFile; fileRef = 7E84156A258C0DF900D34B4E /* Credits.rtf */; };
		7E84156E258CAD3200D34B4E /* VPNProcessUtil.swift in Sources */ = {isa = PBXBuildFile; fileRef = 7E84156D258CAD3200D34B4E /* VPNProcessUtil.swift */; };
		7ED705CA258AC9FF00E3CB7F /* Defaults in Frameworks */ = {isa = PBXBuildFile; productRef = 7ED705C9258AC9FF00E3CB7F /* Defaults */; };
/* End PBXBuildFile section */

/* Begin PBXFileReference section */
		7E11222F258A717400935F34 /* OpenFortiVPN.app */ = {isa = PBXFileReference; explicitFileType = wrapper.application; includeInIndex = 0; path = OpenFortiVPN.app; sourceTree = BUILT_PRODUCTS_DIR; };
		7E112232258A717400935F34 /* AppDelegate.swift */ = {isa = PBXFileReference; lastKnownFileType = sourcecode.swift; path = AppDelegate.swift; sourceTree = "<group>"; };
		7E112234258A717400935F34 /* PreferencesView.swift */ = {isa = PBXFileReference; lastKnownFileType = sourcecode.swift; path = PreferencesView.swift; sourceTree = "<group>"; };
		7E112236258A717500935F34 /* Assets.xcassets */ = {isa = PBXFileReference; lastKnownFileType = folder.assetcatalog; path = Assets.xcassets; sourceTree = "<group>"; };
		7E112239258A717500935F34 /* Preview Assets.xcassets */ = {isa = PBXFileReference; lastKnownFileType = folder.assetcatalog; path = "Preview Assets.xcassets"; sourceTree = "<group>"; };
		7E11223C258A717500935F34 /* Base */ = {isa = PBXFileReference; lastKnownFileType = file.storyboard; name = Base; path = Base.lproj/Main.storyboard; sourceTree = "<group>"; };
		7E11223E258A717500935F34 /* Info.plist */ = {isa = PBXFileReference; lastKnownFileType = text.plist.xml; path = Info.plist; sourceTree = "<group>"; };
		7E11223F258A717500935F34 /* OpenFortiVPN.entitlements */ = {isa = PBXFileReference; lastKnownFileType = text.plist.entitlements; path = OpenFortiVPN.entitlements; sourceTree = "<group>"; };
		7E3EA312258CDFCC00EAFB1A /* AppDelegate.swift */ = {isa = PBXFileReference; lastKnownFileType = sourcecode.swift; path = AppDelegate.swift; sourceTree = "<group>"; };
		7E3EA314258CDFCC00EAFB1A /* ContentView.swift */ = {isa = PBXFileReference; lastKnownFileType = sourcecode.swift; path = ContentView.swift; sourceTree = "<group>"; };
		7E3EA316258CDFCC00EAFB1A /* Assets.xcassets */ = {isa = PBXFileReference; lastKnownFileType = folder.assetcatalog; path = Assets.xcassets; sourceTree = "<group>"; };
		7E3EA319258CDFCC00EAFB1A /* Preview Assets.xcassets */ = {isa = PBXFileReference; lastKnownFileType = folder.assetcatalog; path = "Preview Assets.xcassets"; sourceTree = "<group>"; };
		7E3EA31C258CDFCC00EAFB1A /* Base */ = {isa = PBXFileReference; lastKnownFileType = file.storyboard; name = Base; path = Base.lproj/Main.storyboard; sourceTree = "<group>"; };
		7E3EA31E258CDFCC00EAFB1A /* Info.plist */ = {isa = PBXFileReference; lastKnownFileType = text.plist.xml; path = Info.plist; sourceTree = "<group>"; };
		7E3EA31F258CDFCC00EAFB1A /* TestOpenFortiVPN.entitlements */ = {isa = PBXFileReference; lastKnownFileType = text.plist.entitlements; path = TestOpenFortiVPN.entitlements; sourceTree = "<group>"; };
		7E3EA327258D1AB800EAFB1A /* RepeatingTimer.swift */ = {isa = PBXFileReference; lastKnownFileType = sourcecode.swift; path = RepeatingTimer.swift; sourceTree = "<group>"; };
		7E84156A258C0DF900D34B4E /* Credits.rtf */ = {isa = PBXFileReference; lastKnownFileType = text.rtf; path = Credits.rtf; sourceTree = "<group>"; };
		7E84156D258CAD3200D34B4E /* VPNProcessUtil.swift */ = {isa = PBXFileReference; lastKnownFileType = sourcecode.swift; path = VPNProcessUtil.swift; sourceTree = "<group>"; };
/* End PBXFileReference section */

/* Begin PBXFrameworksBuildPhase section */
		7E11222C258A717400935F34 /* Frameworks */ = {
			isa = PBXFrameworksBuildPhase;
			buildActionMask = 2147483647;
			files = (
				7ED705CA258AC9FF00E3CB7F /* Defaults in Frameworks */,
				7E112249258AB62D00935F34 /* Preferences in Frameworks */,
			);
			runOnlyForDeploymentPostprocessing = 0;
		};
/* End PBXFrameworksBuildPhase section */

/* Begin PBXGroup section */
		7E112226258A717400935F34 = {
			isa = PBXGroup;
			children = (
				7E112231258A717400935F34 /* OpenFortiVPN */,
				7E3EA311258CDFCC00EAFB1A /* TestOpenFortiVPN */,
				7E112230258A717400935F34 /* Products */,
			);
			sourceTree = "<group>";
		};
		7E112230258A717400935F34 /* Products */ = {
			isa = PBXGroup;
			children = (
				7E11222F258A717400935F34 /* OpenFortiVPN.app */,
			);
			name = Products;
			sourceTree = "<group>";
		};
		7E112231258A717400935F34 /* OpenFortiVPN */ = {
			isa = PBXGroup;
			children = (
				7E84156D258CAD3200D34B4E /* VPNProcessUtil.swift */,
				7E112232258A717400935F34 /* AppDelegate.swift */,
				7E112234258A717400935F34 /* PreferencesView.swift */,
				7E112236258A717500935F34 /* Assets.xcassets */,
				7E11223B258A717500935F34 /* Main.storyboard */,
				7E84156A258C0DF900D34B4E /* Credits.rtf */,
				7E11223E258A717500935F34 /* Info.plist */,
				7E11223F258A717500935F34 /* OpenFortiVPN.entitlements */,
				7E112238258A717500935F34 /* Preview Content */,
				7E3EA327258D1AB800EAFB1A /* RepeatingTimer.swift */,
			);
			path = OpenFortiVPN;
			sourceTree = "<group>";
		};
		7E112238258A717500935F34 /* Preview Content */ = {
			isa = PBXGroup;
			children = (
				7E112239258A717500935F34 /* Preview Assets.xcassets */,
			);
			path = "Preview Content";
			sourceTree = "<group>";
		};
		7E3EA311258CDFCC00EAFB1A /* TestOpenFortiVPN */ = {
			isa = PBXGroup;
			children = (
				7E3EA312258CDFCC00EAFB1A /* AppDelegate.swift */,
				7E3EA314258CDFCC00EAFB1A /* ContentView.swift */,
				7E3EA316258CDFCC00EAFB1A /* Assets.xcassets */,
				7E3EA31B258CDFCC00EAFB1A /* Main.storyboard */,
				7E3EA31E258CDFCC00EAFB1A /* Info.plist */,
				7E3EA31F258CDFCC00EAFB1A /* TestOpenFortiVPN.entitlements */,
				7E3EA318258CDFCC00EAFB1A /* Preview Content */,
			);
			path = TestOpenFortiVPN;
			sourceTree = "<group>";
		};
		7E3EA318258CDFCC00EAFB1A /* Preview Content */ = {
			isa = PBXGroup;
			children = (
				7E3EA319258CDFCC00EAFB1A /* Preview Assets.xcassets */,
			);
			path = "Preview Content";
			sourceTree = "<group>";
		};
/* End PBXGroup section */

/* Begin PBXNativeTarget section */
		7E11222E258A717400935F34 /* OpenFortiVPN */ = {
			isa = PBXNativeTarget;
			buildConfigurationList = 7E112242258A717500935F34 /* Build configuration list for PBXNativeTarget "OpenFortiVPN" */;
			buildPhases = (
				7E11222B258A717400935F34 /* Sources */,
				7E11222C258A717400935F34 /* Frameworks */,
				7E11222D258A717400935F34 /* Resources */,
			);
			buildRules = (
			);
			dependencies = (
			);
			name = OpenFortiVPN;
			packageProductDependencies = (
				7E112248258AB62D00935F34 /* Preferences */,
				7ED705C9258AC9FF00E3CB7F /* Defaults */,
			);
			productName = OpenFortiVPN;
			productReference = 7E11222F258A717400935F34 /* OpenFortiVPN.app */;
			productType = "com.apple.product-type.application";
		};
/* End PBXNativeTarget section */

/* Begin PBXProject section */
		7E112227258A717400935F34 /* Project object */ = {
			isa = PBXProject;
			attributes = {
				LastSwiftUpdateCheck = 1230;
				LastUpgradeCheck = 1230;
				TargetAttributes = {
					7E11222E258A717400935F34 = {
						CreatedOnToolsVersion = 12.3;
					};
				};
			};
			buildConfigurationList = 7E11222A258A717400935F34 /* Build configuration list for PBXProject "OpenFortiVPN" */;
			compatibilityVersion = "Xcode 9.3";
			developmentRegion = en;
			hasScannedForEncodings = 0;
			knownRegions = (
				en,
				Base,
			);
			mainGroup = 7E112226258A717400935F34;
			packageReferences = (
				7E112247258AB62D00935F34 /* XCRemoteSwiftPackageReference "Preferences" */,
				7ED705C8258AC9FF00E3CB7F /* XCRemoteSwiftPackageReference "Defaults" */,
			);
			productRefGroup = 7E112230258A717400935F34 /* Products */;
			projectDirPath = "";
			projectRoot = "";
			targets = (
				7E11222E258A717400935F34 /* OpenFortiVPN */,
			);
		};
/* End PBXProject section */

/* Begin PBXResourcesBuildPhase section */
		7E11222D258A717400935F34 /* Resources */ = {
			isa = PBXResourcesBuildPhase;
			buildActionMask = 2147483647;
			files = (
				7E11223D258A717500935F34 /* Main.storyboard in Resources */,
				7E11223A258A717500935F34 /* Preview Assets.xcassets in Resources */,
				7E112237258A717500935F34 /* Assets.xcassets in Resources */,
				7E84156B258C0DF900D34B4E /* Credits.rtf in Resources */,
			);
			runOnlyForDeploymentPostprocessing = 0;
		};
/* End PBXResourcesBuildPhase section */

/* Begin PBXSourcesBuildPhase section */
		7E11222B258A717400935F34 /* Sources */ = {
			isa = PBXSourcesBuildPhase;
			buildActionMask = 2147483647;
			files = (
				7E84156E258CAD3200D34B4E /* VPNProcessUtil.swift in Sources */,
				7E112235258A717400935F34 /* PreferencesView.swift in Sources */,
				7E112233258A717400935F34 /* AppDelegate.swift in Sources */,
				7E3EA328258D1AB800EAFB1A /* RepeatingTimer.swift in Sources */,
			);
			runOnlyForDeploymentPostprocessing = 0;
		};
/* End PBXSourcesBuildPhase section */

/* Begin PBXVariantGroup section */
		7E11223B258A717500935F34 /* Main.storyboard */ = {
			isa = PBXVariantGroup;
			children = (
				7E11223C258A717500935F34 /* Base */,
			);
			name = Main.storyboard;
			sourceTree = "<group>";
		};
		7E3EA31B258CDFCC00EAFB1A /* Main.storyboard */ = {
			isa = PBXVariantGroup;
			children = (
				7E3EA31C258CDFCC00EAFB1A /* Base */,
			);
			name = Main.storyboard;
			sourceTree = "<group>";
		};
/* End PBXVariantGroup section */

/* Begin XCBuildConfiguration section */
		7E112240258A717500935F34 /* Debug */ = {
			isa = XCBuildConfiguration;
			buildSettings = {
				ALWAYS_SEARCH_USER_PATHS = NO;
				CLANG_ANALYZER_NONNULL = YES;
				CLANG_ANALYZER_NUMBER_OBJECT_CONVERSION = YES_AGGRESSIVE;
				CLANG_CXX_LANGUAGE_STANDARD = "gnu++14";
				CLANG_CXX_LIBRARY = "libc++";
				CLANG_ENABLE_MODULES = YES;
				CLANG_ENABLE_OBJC_ARC = YES;
				CLANG_ENABLE_OBJC_WEAK = YES;
				CLANG_WARN_BLOCK_CAPTURE_AUTORELEASING = YES;
				CLANG_WARN_BOOL_CONVERSION = YES;
				CLANG_WARN_COMMA = YES;
				CLANG_WARN_CONSTANT_CONVERSION = YES;
				CLANG_WARN_DEPRECATED_OBJC_IMPLEMENTATIONS = YES;
				CLANG_WARN_DIRECT_OBJC_ISA_USAGE = YES_ERROR;
				CLANG_WARN_DOCUMENTATION_COMMENTS = YES;
				CLANG_WARN_EMPTY_BODY = YES;
				CLANG_WARN_ENUM_CONVERSION = YES;
				CLANG_WARN_INFINITE_RECURSION = YES;
				CLANG_WARN_INT_CONVERSION = YES;
				CLANG_WARN_NON_LITERAL_NULL_CONVERSION = YES;
				CLANG_WARN_OBJC_IMPLICIT_RETAIN_SELF = YES;
				CLANG_WARN_OBJC_LITERAL_CONVERSION = YES;
				CLANG_WARN_OBJC_ROOT_CLASS = YES_ERROR;
				CLANG_WARN_QUOTED_INCLUDE_IN_FRAMEWORK_HEADER = YES;
				CLANG_WARN_RANGE_LOOP_ANALYSIS = YES;
				CLANG_WARN_STRICT_PROTOTYPES = YES;
				CLANG_WARN_SUSPICIOUS_MOVE = YES;
				CLANG_WARN_UNGUARDED_AVAILABILITY = YES_AGGRESSIVE;
				CLANG_WARN_UNREACHABLE_CODE = YES;
				CLANG_WARN__DUPLICATE_METHOD_MATCH = YES;
				COPY_PHASE_STRIP = NO;
				DEBUG_INFORMATION_FORMAT = dwarf;
				ENABLE_STRICT_OBJC_MSGSEND = YES;
				ENABLE_TESTABILITY = YES;
				GCC_C_LANGUAGE_STANDARD = gnu11;
				GCC_DYNAMIC_NO_PIC = NO;
				GCC_NO_COMMON_BLOCKS = YES;
				GCC_OPTIMIZATION_LEVEL = 0;
				GCC_PREPROCESSOR_DEFINITIONS = (
					"DEBUG=1",
					"$(inherited)",
				);
				GCC_WARN_64_TO_32_BIT_CONVERSION = YES;
				GCC_WARN_ABOUT_RETURN_TYPE = YES_ERROR;
				GCC_WARN_UNDECLARED_SELECTOR = YES;
				GCC_WARN_UNINITIALIZED_AUTOS = YES_AGGRESSIVE;
				GCC_WARN_UNUSED_FUNCTION = YES;
				GCC_WARN_UNUSED_VARIABLE = YES;
				MACOSX_DEPLOYMENT_TARGET = 11.0;
				MTL_ENABLE_DEBUG_INFO = INCLUDE_SOURCE;
				MTL_FAST_MATH = YES;
				ONLY_ACTIVE_ARCH = YES;
				SDKROOT = macosx;
				SWIFT_ACTIVE_COMPILATION_CONDITIONS = DEBUG;
				SWIFT_OPTIMIZATION_LEVEL = "-Onone";
			};
			name = Debug;
		};
		7E112241258A717500935F34 /* Release */ = {
			isa = XCBuildConfiguration;
			buildSettings = {
				ALWAYS_SEARCH_USER_PATHS = NO;
				CLANG_ANALYZER_NONNULL = YES;
				CLANG_ANALYZER_NUMBER_OBJECT_CONVERSION = YES_AGGRESSIVE;
				CLANG_CXX_LANGUAGE_STANDARD = "gnu++14";
				CLANG_CXX_LIBRARY = "libc++";
				CLANG_ENABLE_MODULES = YES;
				CLANG_ENABLE_OBJC_ARC = YES;
				CLANG_ENABLE_OBJC_WEAK = YES;
				CLANG_WARN_BLOCK_CAPTURE_AUTORELEASING = YES;
				CLANG_WARN_BOOL_CONVERSION = YES;
				CLANG_WARN_COMMA = YES;
				CLANG_WARN_CONSTANT_CONVERSION = YES;
				CLANG_WARN_DEPRECATED_OBJC_IMPLEMENTATIONS = YES;
				CLANG_WARN_DIRECT_OBJC_ISA_USAGE = YES_ERROR;
				CLANG_WARN_DOCUMENTATION_COMMENTS = YES;
				CLANG_WARN_EMPTY_BODY = YES;
				CLANG_WARN_ENUM_CONVERSION = YES;
				CLANG_WARN_INFINITE_RECURSION = YES;
				CLANG_WARN_INT_CONVERSION = YES;
				CLANG_WARN_NON_LITERAL_NULL_CONVERSION = YES;
				CLANG_WARN_OBJC_IMPLICIT_RETAIN_SELF = YES;
				CLANG_WARN_OBJC_LITERAL_CONVERSION = YES;
				CLANG_WARN_OBJC_ROOT_CLASS = YES_ERROR;
				CLANG_WARN_QUOTED_INCLUDE_IN_FRAMEWORK_HEADER = YES;
				CLANG_WARN_RANGE_LOOP_ANALYSIS = YES;
				CLANG_WARN_STRICT_PROTOTYPES = YES;
				CLANG_WARN_SUSPICIOUS_MOVE = YES;
				CLANG_WARN_UNGUARDED_AVAILABILITY = YES_AGGRESSIVE;
				CLANG_WARN_UNREACHABLE_CODE = YES;
				CLANG_WARN__DUPLICATE_METHOD_MATCH = YES;
				COPY_PHASE_STRIP = NO;
				DEBUG_INFORMATION_FORMAT = "dwarf-with-dsym";
				ENABLE_NS_ASSERTIONS = NO;
				ENABLE_STRICT_OBJC_MSGSEND = YES;
				GCC_C_LANGUAGE_STANDARD = gnu11;
				GCC_NO_COMMON_BLOCKS = YES;
				GCC_WARN_64_TO_32_BIT_CONVERSION = YES;
				GCC_WARN_ABOUT_RETURN_TYPE = YES_ERROR;
				GCC_WARN_UNDECLARED_SELECTOR = YES;
				GCC_WARN_UNINITIALIZED_AUTOS = YES_AGGRESSIVE;
				GCC_WARN_UNUSED_FUNCTION = YES;
				GCC_WARN_UNUSED_VARIABLE = YES;
				MACOSX_DEPLOYMENT_TARGET = 11.0;
				MTL_ENABLE_DEBUG_INFO = NO;
				MTL_FAST_MATH = YES;
				SDKROOT = macosx;
				SWIFT_COMPILATION_MODE = wholemodule;
				SWIFT_OPTIMIZATION_LEVEL = "-O";
			};
			name = Release;
		};
		7E112243258A717500935F34 /* Debug */ = {
			isa = XCBuildConfiguration;
			buildSettings = {
				ASSETCATALOG_COMPILER_APPICON_NAME = AppIcon;
				ASSETCATALOG_COMPILER_GLOBAL_ACCENT_COLOR_NAME = AccentColor;
				CODE_SIGN_ENTITLEMENTS = OpenFortiVPN/OpenFortiVPN.entitlements;
				CODE_SIGN_STYLE = Automatic;
				COMBINE_HIDPI_IMAGES = YES;
				DEVELOPMENT_ASSET_PATHS = "\"OpenFortiVPN/Preview Content\"";
				ENABLE_PREVIEWS = YES;
				INFOPLIST_FILE = OpenFortiVPN/Info.plist;
				LD_RUNPATH_SEARCH_PATHS = (
					"$(inherited)",
					"@executable_path/../Frameworks",
				);
				MACOSX_DEPLOYMENT_TARGET = 10.15;
				PRODUCT_BUNDLE_IDENTIFIER = com.mcl.OpenFortiVPN;
				PRODUCT_NAME = "$(TARGET_NAME)";
				SWIFT_VERSION = 5.0;
			};
			name = Debug;
		};
		7E112244258A717500935F34 /* Release */ = {
			isa = XCBuildConfiguration;
			buildSettings = {
				ASSETCATALOG_COMPILER_APPICON_NAME = AppIcon;
				ASSETCATALOG_COMPILER_GLOBAL_ACCENT_COLOR_NAME = AccentColor;
				CODE_SIGN_ENTITLEMENTS = OpenFortiVPN/OpenFortiVPN.entitlements;
				CODE_SIGN_STYLE = Automatic;
				COMBINE_HIDPI_IMAGES = YES;
				DEVELOPMENT_ASSET_PATHS = "\"OpenFortiVPN/Preview Content\"";
				ENABLE_PREVIEWS = YES;
				INFOPLIST_FILE = OpenFortiVPN/Info.plist;
				LD_RUNPATH_SEARCH_PATHS = (
					"$(inherited)",
					"@executable_path/../Frameworks",
				);
				MACOSX_DEPLOYMENT_TARGET = 10.15;
				PRODUCT_BUNDLE_IDENTIFIER = com.mcl.OpenFortiVPN;
				PRODUCT_NAME = "$(TARGET_NAME)";
				SWIFT_VERSION = 5.0;
			};
			name = Release;
		};
/* End XCBuildConfiguration section */

/* Begin XCConfigurationList section */
		7E11222A258A717400935F34 /* Build configuration list for PBXProject "OpenFortiVPN" */ = {
			isa = XCConfigurationList;
			buildConfigurations = (
				7E112240258A717500935F34 /* Debug */,
				7E112241258A717500935F34 /* Release */,
			);
			defaultConfigurationIsVisible = 0;
			defaultConfigurationName = Release;
		};
		7E112242258A717500935F34 /* Build configuration list for PBXNativeTarget "OpenFortiVPN" */ = {
			isa = XCConfigurationList;
			buildConfigurations = (
				7E112243258A717500935F34 /* Debug */,
				7E112244258A717500935F34 /* Release */,
			);
			defaultConfigurationIsVisible = 0;
			defaultConfigurationName = Release;
		};
/* End XCConfigurationList section */

/* Begin XCRemoteSwiftPackageReference section */
		7E112247258AB62D00935F34 /* XCRemoteSwiftPackageReference "Preferences" */ = {
			isa = XCRemoteSwiftPackageReference;
			repositoryURL = "https://github.com/sindresorhus/Preferences";
			requirement = {
				kind = upToNextMajorVersion;
				minimumVersion = 2.1.0;
			};
		};
		7ED705C8258AC9FF00E3CB7F /* XCRemoteSwiftPackageReference "Defaults" */ = {
			isa = XCRemoteSwiftPackageReference;
			repositoryURL = "https://github.com/sindresorhus/Defaults";
			requirement = {
				kind = upToNextMajorVersion;
				minimumVersion = 4.1.0;
			};
		};
/* End XCRemoteSwiftPackageReference section */

/* Begin XCSwiftPackageProductDependency section */
		7E112248258AB62D00935F34 /* Preferences */ = {
			isa = XCSwiftPackageProductDependency;
			package = 7E112247258AB62D00935F34 /* XCRemoteSwiftPackageReference "Preferences" */;
			productName = Preferences;
		};
		7ED705C9258AC9FF00E3CB7F /* Defaults */ = {
			isa = XCSwiftPackageProductDependency;
			package = 7ED705C8258AC9FF00E3CB7F /* XCRemoteSwiftPackageReference "Defaults" */;
			productName = Defaults;
		};
/* End XCSwiftPackageProductDependency section */
	};
	rootObject = 7E112227258A717400935F34 /* Project object */;
}
